
Microsoft Visual Studio Solution File, Format Version 12.00
# Visual Studio Version 17
VisualStudioVersion = 17.10.34916.146
MinimumVisualStudioVersion = 10.0.40219.1
Project("{FAE04EC0-301F-11D3-BF4B-00C04F79EFBC}") = "LeetCode75", "LeetCode75\LeetCode75.csproj", "{0CF31791-A6DD-480F-8AA5-065F041F688C}"
EndProject
Global
	GlobalSection(SolutionConfigurationPlatforms) = preSolution
		Debug|Any CPU = Debug|Any CPU
		Release|Any CPU = Release|Any CPU
	EndGlobalSection
	GlobalSection(ProjectConfigurationPlatforms) = postSolution
		{0CF31791-A6DD-480F-8AA5-065F041F688C}.Debug|Any CPU.ActiveCfg = Debug|Any CPU
		{0CF31791-A6DD-480F-8AA5-065F041F688C}.Debug|Any CPU.Build.0 = Debug|Any CPU
		{0CF31791-A6DD-480F-8AA5-065F041F688C}.Release|Any CPU.ActiveCfg = Release|Any CPU
		{0CF31791-A6DD-480F-8AA5-065F041F688C}.Release|Any CPU.Build.0 = Release|Any CPU
	EndGlobalSection
	GlobalSection(SolutionProperties) = preSolution
		HideSolutionNode = FALSE
	EndGlobalSection
	GlobalSection(ExtensibilityGlobals) = postSolution
		SolutionGuid = {EE0185EE-9B95-44F1-8D60-78D006B998EF}
	EndGlobalSection
EndGlobal
